
Microsoft Visual Studio Solution File, Format Version 12.00
# Visual Studio 15
Project("{FAE04EC0-301F-11D3-BF4B-00C04F79EFBC}") = "Assembly-CSharp", "Assembly-CSharp.csproj", "{CD64275F-6AA1-CEF7-83F8-9F4065924D7C}"
EndProject
Project("{FAE04EC0-301F-11D3-BF4B-00C04F79EFBC}") = "Assembly-CSharp-Editor", "Assembly-CSharp-Editor.csproj", "{2A5B6330-987B-CAD7-FA18-1138A4044F34}"
EndProject
Global
	GlobalSection(SolutionConfigurationPlatforms) = preSolution
		Debug|Any CPU = Debug|Any CPU
		Release|Any CPU = Release|Any CPU
	EndGlobalSection
	GlobalSection(ProjectConfigurationPlatforms) = postSolution
		{CD64275F-6AA1-CEF7-83F8-9F4065924D7C}.Debug|Any CPU.ActiveCfg = Debug|Any CPU
		{CD64275F-6AA1-CEF7-83F8-9F4065924D7C}.Debug|Any CPU.Build.0 = Debug|Any CPU
		{CD64275F-6AA1-CEF7-83F8-9F4065924D7C}.Release|Any CPU.ActiveCfg = Release|Any CPU
		{CD64275F-6AA1-CEF7-83F8-9F4065924D7C}.Release|Any CPU.Build.0 = Release|Any CPU
		{2A5B6330-987B-CAD7-FA18-1138A4044F34}.Debug|Any CPU.ActiveCfg = Debug|Any CPU
		{2A5B6330-987B-CAD7-FA18-1138A4044F34}.Debug|Any CPU.Build.0 = Debug|Any CPU
		{2A5B6330-987B-CAD7-FA18-1138A4044F34}.Release|Any CPU.ActiveCfg = Release|Any CPU
		{2A5B6330-987B-CAD7-FA18-1138A4044F34}.Release|Any CPU.Build.0 = Release|Any CPU
	EndGlobalSection
	GlobalSection(SolutionProperties) = preSolution
		HideSolutionNode = FALSE
	EndGlobalSection
	GlobalSection(MonoDevelopProperties) = preSolution
		StartupItem = Assembly-CSharp.csproj
	EndGlobalSection
EndGlobal
